// !$*UTF8*$!
{
	archiveVersion = 1;
	classes = {
	};
	objectVersion = 77;
	objects = {

/* Begin PBXBuildFile section */
		01F01499D619504D9B0B760E /* WorkspaceStore.swift in Sources */ = {isa = PBXBuildFile; fileRef = 293058BDFB32061384E33A9D /* WorkspaceStore.swift */; };
		08CA907D86D85F9A3581F63B /* TrainView.swift in Sources */ = {isa = PBXBuildFile; fileRef = A01AB9EF8AD43B7A259BAA03 /* TrainView.swift */; };
		1147DA7106BC5128B52D994D /* AppSession.swift in Sources */ = {isa = PBXBuildFile; fileRef = C3A716AF21BEB30CD34AC513 /* AppSession.swift */; };
		1C7C419483FC3D5A3D181919 /* ShortcutBindings.swift in Sources */ = {isa = PBXBuildFile; fileRef = 6B1286099AA9FE5C53840B86 /* ShortcutBindings.swift */; };
		1CA4D572A1F10935EAD0F15E /* PolicyRunnerTests.swift in Sources */ = {isa = PBXBuildFile; fileRef = 09BE9AF281486ECEA700765E /* PolicyRunnerTests.swift */; };
		1D3D1309AE8F0EA1D387095A /* Recording.swift in Sources */ = {isa = PBXBuildFile; fileRef = 1A1873D2484DE121339E874C /* Recording.swift */; };
		2659658D05AC4942BA6DAC91 /* CaptureCatalog.swift in Sources */ = {isa = PBXBuildFile; fileRef = AB2F5C1225B88F3390ED8D70 /* CaptureCatalog.swift */; };
		2AC9F340DE4073CCD1EAD7E6 /* MLXRuntimeTests.swift in Sources */ = {isa = PBXBuildFile; fileRef = C45D4713E153FBC31CCDF511 /* MLXRuntimeTests.swift */; };
		2D7AFDDA605257AF7A3DD2EE /* RecordingForm.swift in Sources */ = {isa = PBXBuildFile; fileRef = 33BCEB9D8FF6A5023F85300B /* RecordingForm.swift */; };
		2EADD34B7DC0380CFC5C30E6 /* ControlGestureTests.swift in Sources */ = {isa = PBXBuildFile; fileRef = F252E2ED729CBBAD86DC1FEC /* ControlGestureTests.swift */; };
		3082B73FD04B4C062DA78F14 /* TrainingWorker.swift in Sources */ = {isa = PBXBuildFile; fileRef = 0EED0CBF68F625497D0B8791 /* TrainingWorker.swift */; };
		33585CAF0767E085616AF3D8 /* PermissionService.swift in Sources */ = {isa = PBXBuildFile; fileRef = 1AFB1015A7DE917758429531 /* PermissionService.swift */; };
		36F0CB9D5A02D222411A573B /* AppPreferencesTests.swift in Sources */ = {isa = PBXBuildFile; fileRef = 23D04CDB34954D1FDCD24C22 /* AppPreferencesTests.swift */; };
		36F7F4B0551EA8B329C73075 /* RunConfiguration.swift in Sources */ = {isa = PBXBuildFile; fileRef = 3A6FC651CCDF86FF6599455F /* RunConfiguration.swift */; };
		4431A81B7D6C8AA423A65FFF /* RunView.swift in Sources */ = {isa = PBXBuildFile; fileRef = 2339667A040869418AF5B5FB /* RunView.swift */; };
		45676EF124B26281768F7D11 /* GlobalShortcuts.swift in Sources */ = {isa = PBXBuildFile; fileRef = 0E37B3A64DC1B0226E382702 /* GlobalShortcuts.swift */; };
		4A123952D1633367C9426862 /* AppPreferences.swift in Sources */ = {isa = PBXBuildFile; fileRef = C494FC96A38520311B030841 /* AppPreferences.swift */; };
		4A69DC15DE649F4BAA493784 /* RecordView.swift in Sources */ = {isa = PBXBuildFile; fileRef = 8C31DE9F561334A1F0187FEE /* RecordView.swift */; };
		5287AD61494A5FBE1AFA572A /* InputCapture.swift in Sources */ = {isa = PBXBuildFile; fileRef = 6D19C0F52DD0D08932E3758F /* InputCapture.swift */; };
		52CE346DB63ECCA2B402CB86 /* RecordingPreviewTests.swift in Sources */ = {isa = PBXBuildFile; fileRef = 751C11E75F68B7E2B122FFE5 /* RecordingPreviewTests.swift */; };
		54773ED8DA91427A3712F9A6 /* ResumableAdamW.swift in Sources */ = {isa = PBXBuildFile; fileRef = BD779EB54428C6073CEF6A8C /* ResumableAdamW.swift */; };
		5852E6741D3BADF80A9D9653 /* CheckpointMaintenance.swift in Sources */ = {isa = PBXBuildFile; fileRef = 58BAAAFDD3996C820C0044CA /* CheckpointMaintenance.swift */; };
		5A07A54E48EFED880EF761D9 /* RecordingJournal.swift in Sources */ = {isa = PBXBuildFile; fileRef = 60909A6B7D4515BE23622454 /* RecordingJournal.swift */; };
		5BF37EA108442F91F1600EAE /* TrainingExampleTests.swift in Sources */ = {isa = PBXBuildFile; fileRef = FD048CE370F2DA09D56280E2 /* TrainingExampleTests.swift */; };
		5F0F23EE65E541C5D0252BA7 /* MLXOptimizers in Frameworks */ = {isa = PBXBuildFile; productRef = EE71FB7C22B54F9721B3D1D5 /* MLXOptimizers */; };
		5F963CB5DA6B146D83EC51B2 /* ActionGrammarTests.swift in Sources */ = {isa = PBXBuildFile; fileRef = F48FBAF0744344A8226BF986 /* ActionGrammarTests.swift */; };
		66DD98E7CE404541DCBFEE81 /* AgentInputExecutorTests.swift in Sources */ = {isa = PBXBuildFile; fileRef = 06B284D43F3F1BE9852CF236 /* AgentInputExecutorTests.swift */; };
		676FB1F397B1493E70562CBF /* StorageMigration.swift in Sources */ = {isa = PBXBuildFile; fileRef = 831C39BEE18EFE63B8E1241E /* StorageMigration.swift */; };
		6A0513436F41A4D2140006EB /* Components.swift in Sources */ = {isa = PBXBuildFile; fileRef = CFC93FD7757320B8559FE7A5 /* Components.swift */; };
		6C239340AC19ABD15E96BEC7 /* LibraryView.swift in Sources */ = {isa = PBXBuildFile; fileRef = 8DAEC9EFEC7B845C64571CC3 /* LibraryView.swift */; };
		6CBC008F9CB504E57A61182E /* ObservationPreprocessorTests.swift in Sources */ = {isa = PBXBuildFile; fileRef = 708A3535C7C40BAEB3914780 /* ObservationPreprocessorTests.swift */; };
		6D7F6FB4E6A54A1FD6480145 /* RunTargetGuardTests.swift in Sources */ = {isa = PBXBuildFile; fileRef = 73A539E214213E1172749278 /* RunTargetGuardTests.swift */; };
		728A0EAD7A8B89D60F9FB8D2 /* TrainingSettings.swift in Sources */ = {isa = PBXBuildFile; fileRef = 41D6A95E9A59AA0C28CEB9F0 /* TrainingSettings.swift */; };
		76F67BA3CD7A3CC3FC1DCF59 /* RunWatchdog.swift in Sources */ = {isa = PBXBuildFile; fileRef = 2F3895C1425598A3E9CB3795 /* RunWatchdog.swift */; };
		780B660A987EA04740BCD001 /* RecordingCoordinator.swift in Sources */ = {isa = PBXBuildFile; fileRef = A679E5E04842EFEE78AF4E90 /* RecordingCoordinator.swift */; };
		78ECA69EB19FAFAA28B2C155 /* ObservationPreprocessor.swift in Sources */ = {isa = PBXBuildFile; fileRef = E401343420C63811BD560D22 /* ObservationPreprocessor.swift */; };
		7D9ED1ECB121272E66EACA27 /* ControlGestureTracker.swift in Sources */ = {isa = PBXBuildFile; fileRef = 10F030EB56F383365B43DFD3 /* ControlGestureTracker.swift */; };
		7EF68FEDC86B2515B7470BB1 /* Action.swift in Sources */ = {isa = PBXBuildFile; fileRef = 0C0F5A57309AC52F6DEBD83F /* Action.swift */; };
		8089C3E99F27486329A29C5A /* PolicyNetworkTests.swift in Sources */ = {isa = PBXBuildFile; fileRef = A708AB66EE12CC0262F51830 /* PolicyNetworkTests.swift */; };
		80D19D37200C16D869F810EC /* AgentInputExecutor.swift in Sources */ = {isa = PBXBuildFile; fileRef = 05E6179263AF237EFCCA4A73 /* AgentInputExecutor.swift */; };
		82DC2DBDA49B8C06B4F75F5F /* AIModel.swift in Sources */ = {isa = PBXBuildFile; fileRef = C23C6162CB3D6C46919A3209 /* AIModel.swift */; };
		89A5D09379AF352B730E4784 /* CheckpointStoreTests.swift in Sources */ = {isa = PBXBuildFile; fileRef = ADDAB79202F3A47354F4757E /* CheckpointStoreTests.swift */; };
		8A6E86AA12D84DF9717BB12C /* ModifierState.swift in Sources */ = {isa = PBXBuildFile; fileRef = 62173ABC831298B6B190CCC7 /* ModifierState.swift */; };
		8C1E54ED7DC9B2ADEB036063 /* TrainingCoordinator.swift in Sources */ = {isa = PBXBuildFile; fileRef = F90474B20BE4E388BD1C5E2B /* TrainingCoordinator.swift */; };
		8F3493FC958AEF00F1B2C681 /* SequenceDataset.swift in Sources */ = {isa = PBXBuildFile; fileRef = 89B7337BCED3E0F9B2A9917B /* SequenceDataset.swift */; };
		9114EF7321A8426B6D5573D2 /* MLXNN in Frameworks */ = {isa = PBXBuildFile; productRef = 4CE97EBAB22F5BD1BA5E87B1 /* MLXNN */; };
		91D70174E5DE86B9795AC0C3 /* JSONLineCursor.swift in Sources */ = {isa = PBXBuildFile; fileRef = 15B0AEB60BE01522B392D001 /* JSONLineCursor.swift */; };
		9A26CC507CBDD6B7D5C4FF64 /* RecordingInspector.swift in Sources */ = {isa = PBXBuildFile; fileRef = BCED686D0EB1F1975BE25183 /* RecordingInspector.swift */; };
		A796BF2599A92064736D25CE /* AtomicFile.swift in Sources */ = {isa = PBXBuildFile; fileRef = FFFEBCF37050F2D181CC72F0 /* AtomicFile.swift */; };
		A863893692622B3103616ED4 /* RunCoordinator.swift in Sources */ = {isa = PBXBuildFile; fileRef = 95B858742398E985960EEB17 /* RunCoordinator.swift */; };
		A8953C6A1DD2B9440C20D1B9 /* DisplayLayoutConstraintTests.swift in Sources */ = {isa = PBXBuildFile; fileRef = 31887A98D404108A4833BA14 /* DisplayLayoutConstraintTests.swift */; };
		ACF3A99AED20952690F7078D /* SessionClock.swift in Sources */ = {isa = PBXBuildFile; fileRef = 2BD078648DA4A3CB73D5158A /* SessionClock.swift */; };
		AF58D12CA207349104852234 /* ContentView.swift in Sources */ = {isa = PBXBuildFile; fileRef = A0C5DCBB06194D79011C9E03 /* ContentView.swift */; };
		B1EDFA7CF7E89870F40F0B2F /* RunTargetGuard.swift in Sources */ = {isa = PBXBuildFile; fileRef = 9DE99920D53F57D2ED1F87DD /* RunTargetGuard.swift */; };
		B428F62D8EE7D0552E875DD8 /* CheckpointStore.swift in Sources */ = {isa = PBXBuildFile; fileRef = 10A57EAFA60A0F9798AF8A65 /* CheckpointStore.swift */; };
		B574C2800D2959793C8EBC80 /* AgentTrainerApp.swift in Sources */ = {isa = PBXBuildFile; fileRef = B3ADF37137A4CE62C67236C7 /* AgentTrainerApp.swift */; };
		BC4345862F956CD98C538CFF /* ModelsView.swift in Sources */ = {isa = PBXBuildFile; fileRef = 435180A4847802B75634C6A5 /* ModelsView.swift */; };
		BD4BC4840DA04985F0781197 /* CausalAlignment.swift in Sources */ = {isa = PBXBuildFile; fileRef = 698860EDB29B625FEF729A55 /* CausalAlignment.swift */; };
		C96B525C3A820811F42D0518 /* PolicyRunner.swift in Sources */ = {isa = PBXBuildFile; fileRef = B8339315CF33749B8382AF97 /* PolicyRunner.swift */; };
		CAE5ACD4596F8709C5B2A159 /* DisplayLayoutConstraint.swift in Sources */ = {isa = PBXBuildFile; fileRef = 2FD058DB8B41430EF8D93C55 /* DisplayLayoutConstraint.swift */; };
		CC70745D7F858A5C8B1B5BAB /* WorkspaceWorkflowTests.swift in Sources */ = {isa = PBXBuildFile; fileRef = 31BAAAF0DF84D7F06D915765 /* WorkspaceWorkflowTests.swift */; };
		CD6387003419801939CDC9E2 /* MLX in Frameworks */ = {isa = PBXBuildFile; productRef = 9DAD19FCC7E0E177D3B6B368 /* MLX */; };
		CE2D2368A1B74DA2A80D3336 /* RecordingPreview.swift in Sources */ = {isa = PBXBuildFile; fileRef = 4AEFC66C13D7BD563A4E970D /* RecordingPreview.swift */; };
		CEC2712B8BFF0A1217263718 /* TrainingPipelineTests.swift in Sources */ = {isa = PBXBuildFile; fileRef = 91B7449DD1B6FD4661FB2162 /* TrainingPipelineTests.swift */; };
		D0CA0FC488589AC0DD593F33 /* CausalAlignmentTests.swift in Sources */ = {isa = PBXBuildFile; fileRef = 2BE03CE9F16DB429C9F8D9E7 /* CausalAlignmentTests.swift */; };
		D1BEFFB9C6DE9435F2F29D76 /* JSONLines.swift in Sources */ = {isa = PBXBuildFile; fileRef = 4F81E47CC59C61F2208D0553 /* JSONLines.swift */; };
		D48A5A680DEE23F337804951 /* TrainingExample.swift in Sources */ = {isa = PBXBuildFile; fileRef = F766B7219B09F66808404E6C /* TrainingExample.swift */; };
		D825862B1D632BDC87B8E19B /* MLXRandom in Frameworks */ = {isa = PBXBuildFile; productRef = 5FF8F02C3BE2ADA016499A8F /* MLXRandom */; };
		D945F102E34D445881E10056 /* CaptureFrameSource.swift in Sources */ = {isa = PBXBuildFile; fileRef = 7DF20CD7A33E16F32D9A99FF /* CaptureFrameSource.swift */; };
		DB97AC6F43772F9671520197 /* PolicyNetwork.swift in Sources */ = {isa = PBXBuildFile; fileRef = FB5F93A9988C45D6F3BF4AB5 /* PolicyNetwork.swift */; };
		DE13ED5FFBEFD76537C4784D /* VisualRecorder.swift in Sources */ = {isa = PBXBuildFile; fileRef = 7EF21BAC4E6BE5D85335B860 /* VisualRecorder.swift */; };
		E227690B3063DBB7DDF288EA /* PolicyActionCodec.swift in Sources */ = {isa = PBXBuildFile; fileRef = 4206A3D69BD2CD5C5037709A /* PolicyActionCodec.swift */; };
		E2F2DC25E3DA1244D53220EA /* RecordingJournalTests.swift in Sources */ = {isa = PBXBuildFile; fileRef = 08FB1F4C3BCAE0DCD2A2448C /* RecordingJournalTests.swift */; };
		E4B5246E4B95DEA4358CE1F7 /* RunWorker.swift in Sources */ = {isa = PBXBuildFile; fileRef = 96099070FF47405614E73BB2 /* RunWorker.swift */; };
		F1D54D337222F60090D0BB70 /* CaptureCatalogTests.swift in Sources */ = {isa = PBXBuildFile; fileRef = 1D20DF7D5DC6A448C2AF4FC6 /* CaptureCatalogTests.swift */; };
		F42A7762B061CFC1354A1B40 /* TrainingBatch.swift in Sources */ = {isa = PBXBuildFile; fileRef = 8524FBC246119A40A780EE68 /* TrainingBatch.swift */; };
		FC33FF574541D12FF399B0AB /* SettingsView.swift in Sources */ = {isa = PBXBuildFile; fileRef = CD7EEADC3D233A97531E916E /* SettingsView.swift */; };
/* End PBXBuildFile section */

/* Begin PBXContainerItemProxy section */
		0DF5070ACBB089108E79C398 /* PBXContainerItemProxy */ = {
			isa = PBXContainerItemProxy;
			containerPortal = 440AD14998556E20CCA3D49B /* Project object */;
			proxyType = 1;
			remoteGlobalIDString = 5F1EEEA584A8B28833885D06;
			remoteInfo = AgentTrainer;
		};
		EF827929589C1E905B04D38F /* PBXContainerItemProxy */ = {
			isa = PBXContainerItemProxy;
			containerPortal = 440AD14998556E20CCA3D49B /* Project object */;
			proxyType = 1;
			remoteGlobalIDString = 5F1EEEA584A8B28833885D06;
			remoteInfo = AgentTrainer;
		};
/* End PBXContainerItemProxy section */

/* Begin PBXFileReference section */
		05E6179263AF237EFCCA4A73 /* AgentInputExecutor.swift */ = {isa = PBXFileReference; lastKnownFileType = sourcecode.swift; path = AgentInputExecutor.swift; sourceTree = "<group>"; };
		06B284D43F3F1BE9852CF236 /* AgentInputExecutorTests.swift */ = {isa = PBXFileReference; lastKnownFileType = sourcecode.swift; path = AgentInputExecutorTests.swift; sourceTree = "<group>"; };
		08FB1F4C3BCAE0DCD2A2448C /* RecordingJournalTests.swift */ = {isa = PBXFileReference; lastKnownFileType = sourcecode.swift; path = RecordingJournalTests.swift; sourceTree = "<group>"; };
		09BE9AF281486ECEA700765E /* PolicyRunnerTests.swift */ = {isa = PBXFileReference; lastKnownFileType = sourcecode.swift; path = PolicyRunnerTests.swift; sourceTree = "<group>"; };
		0C0F5A57309AC52F6DEBD83F /* Action.swift */ = {isa = PBXFileReference; lastKnownFileType = sourcecode.swift; path = Action.swift; sourceTree = "<group>"; };
		0E37B3A64DC1B0226E382702 /* GlobalShortcuts.swift */ = {isa = PBXFileReference; lastKnownFileType = sourcecode.swift; path = GlobalShortcuts.swift; sourceTree = "<group>"; };
		0EED0CBF68F625497D0B8791 /* TrainingWorker.swift */ = {isa = PBXFileReference; lastKnownFileType = sourcecode.swift; path = TrainingWorker.swift; sourceTree = "<group>"; };
		10A57EAFA60A0F9798AF8A65 /* CheckpointStore.swift */ = {isa = PBXFileReference; lastKnownFileType = sourcecode.swift; path = CheckpointStore.swift; sourceTree = "<group>"; };
		10F030EB56F383365B43DFD3 /* ControlGestureTracker.swift */ = {isa = PBXFileReference; lastKnownFileType = sourcecode.swift; path = ControlGestureTracker.swift; sourceTree = "<group>"; };
		15B0AEB60BE01522B392D001 /* JSONLineCursor.swift */ = {isa = PBXFileReference; lastKnownFileType = sourcecode.swift; path = JSONLineCursor.swift; sourceTree = "<group>"; };
		1A1873D2484DE121339E874C /* Recording.swift */ = {isa = PBXFileReference; lastKnownFileType = sourcecode.swift; path = Recording.swift; sourceTree = "<group>"; };
		1AFB1015A7DE917758429531 /* PermissionService.swift */ = {isa = PBXFileReference; lastKnownFileType = sourcecode.swift; path = PermissionService.swift; sourceTree = "<group>"; };
		1D20DF7D5DC6A448C2AF4FC6 /* CaptureCatalogTests.swift */ = {isa = PBXFileReference; lastKnownFileType = sourcecode.swift; path = CaptureCatalogTests.swift; sourceTree = "<group>"; };
		2339667A040869418AF5B5FB /* RunView.swift */ = {isa = PBXFileReference; lastKnownFileType = sourcecode.swift; path = RunView.swift; sourceTree = "<group>"; };
		23D04CDB34954D1FDCD24C22 /* AppPreferencesTests.swift */ = {isa = PBXFileReference; lastKnownFileType = sourcecode.swift; path = AppPreferencesTests.swift; sourceTree = "<group>"; };
		293058BDFB32061384E33A9D /* WorkspaceStore.swift */ = {isa = PBXFileReference; lastKnownFileType = sourcecode.swift; path = WorkspaceStore.swift; sourceTree = "<group>"; };
		2BD078648DA4A3CB73D5158A /* SessionClock.swift */ = {isa = PBXFileReference; lastKnownFileType = sourcecode.swift; path = SessionClock.swift; sourceTree = "<group>"; };
		2BE03CE9F16DB429C9F8D9E7 /* CausalAlignmentTests.swift */ = {isa = PBXFileReference; lastKnownFileType = sourcecode.swift; path = CausalAlignmentTests.swift; sourceTree = "<group>"; };
		2F012C20CC1E2BFD7332617A /* AgentTrainerUITests.xctest */ = {isa = PBXFileReference; explicitFileType = wrapper.cfbundle; includeInIndex = 0; path = AgentTrainerUITests.xctest; sourceTree = BUILT_PRODUCTS_DIR; };
		2F3895C1425598A3E9CB3795 /* RunWatchdog.swift */ = {isa = PBXFileReference; lastKnownFileType = sourcecode.swift; path = RunWatchdog.swift; sourceTree = "<group>"; };
		2FD058DB8B41430EF8D93C55 /* DisplayLayoutConstraint.swift */ = {isa = PBXFileReference; lastKnownFileType = sourcecode.swift; path = DisplayLayoutConstraint.swift; sourceTree = "<group>"; };
		31887A98D404108A4833BA14 /* DisplayLayoutConstraintTests.swift */ = {isa = PBXFileReference; lastKnownFileType = sourcecode.swift; path = DisplayLayoutConstraintTests.swift; sourceTree = "<group>"; };
		31BAAAF0DF84D7F06D915765 /* WorkspaceWorkflowTests.swift */ = {isa = PBXFileReference; lastKnownFileType = sourcecode.swift; path = WorkspaceWorkflowTests.swift; sourceTree = "<group>"; };
		33BCEB9D8FF6A5023F85300B /* RecordingForm.swift */ = {isa = PBXFileReference; lastKnownFileType = sourcecode.swift; path = RecordingForm.swift; sourceTree = "<group>"; };
		3A6FC651CCDF86FF6599455F /* RunConfiguration.swift */ = {isa = PBXFileReference; lastKnownFileType = sourcecode.swift; path = RunConfiguration.swift; sourceTree = "<group>"; };
		41D6A95E9A59AA0C28CEB9F0 /* TrainingSettings.swift */ = {isa = PBXFileReference; lastKnownFileType = sourcecode.swift; path = TrainingSettings.swift; sourceTree = "<group>"; };
		4206A3D69BD2CD5C5037709A /* PolicyActionCodec.swift */ = {isa = PBXFileReference; lastKnownFileType = sourcecode.swift; path = PolicyActionCodec.swift; sourceTree = "<group>"; };
		435180A4847802B75634C6A5 /* ModelsView.swift */ = {isa = PBXFileReference; lastKnownFileType = sourcecode.swift; path = ModelsView.swift; sourceTree = "<group>"; };
		4AEFC66C13D7BD563A4E970D /* RecordingPreview.swift */ = {isa = PBXFileReference; lastKnownFileType = sourcecode.swift; path = RecordingPreview.swift; sourceTree = "<group>"; };
		4F81E47CC59C61F2208D0553 /* JSONLines.swift */ = {isa = PBXFileReference; lastKnownFileType = sourcecode.swift; path = JSONLines.swift; sourceTree = "<group>"; };
		58BAAAFDD3996C820C0044CA /* CheckpointMaintenance.swift */ = {isa = PBXFileReference; lastKnownFileType = sourcecode.swift; path = CheckpointMaintenance.swift; sourceTree = "<group>"; };
		60909A6B7D4515BE23622454 /* RecordingJournal.swift */ = {isa = PBXFileReference; lastKnownFileType = sourcecode.swift; path = RecordingJournal.swift; sourceTree = "<group>"; };
		62173ABC831298B6B190CCC7 /* ModifierState.swift */ = {isa = PBXFileReference; lastKnownFileType = sourcecode.swift; path = ModifierState.swift; sourceTree = "<group>"; };
		698860EDB29B625FEF729A55 /* CausalAlignment.swift */ = {isa = PBXFileReference; lastKnownFileType = sourcecode.swift; path = CausalAlignment.swift; sourceTree = "<group>"; };
		6B1286099AA9FE5C53840B86 /* ShortcutBindings.swift */ = {isa = PBXFileReference; lastKnownFileType = sourcecode.swift; path = ShortcutBindings.swift; sourceTree = "<group>"; };
		6D19C0F52DD0D08932E3758F /* InputCapture.swift */ = {isa = PBXFileReference; lastKnownFileType = sourcecode.swift; path = InputCapture.swift; sourceTree = "<group>"; };
		708A3535C7C40BAEB3914780 /* ObservationPreprocessorTests.swift */ = {isa = PBXFileReference; lastKnownFileType = sourcecode.swift; path = ObservationPreprocessorTests.swift; sourceTree = "<group>"; };
		73A539E214213E1172749278 /* RunTargetGuardTests.swift */ = {isa = PBXFileReference; lastKnownFileType = sourcecode.swift; path = RunTargetGuardTests.swift; sourceTree = "<group>"; };
		751C11E75F68B7E2B122FFE5 /* RecordingPreviewTests.swift */ = {isa = PBXFileReference; lastKnownFileType = sourcecode.swift; path = RecordingPreviewTests.swift; sourceTree = "<group>"; };
		7DF20CD7A33E16F32D9A99FF /* CaptureFrameSource.swift */ = {isa = PBXFileReference; lastKnownFileType = sourcecode.swift; path = CaptureFrameSource.swift; sourceTree = "<group>"; };
		7EF21BAC4E6BE5D85335B860 /* VisualRecorder.swift */ = {isa = PBXFileReference; lastKnownFileType = sourcecode.swift; path = VisualRecorder.swift; sourceTree = "<group>"; };
		827DC1991C9668920979AB01 /* AgentTrainerTests.xctest */ = {isa = PBXFileReference; explicitFileType = wrapper.cfbundle; includeInIndex = 0; path = AgentTrainerTests.xctest; sourceTree = BUILT_PRODUCTS_DIR; };
		831C39BEE18EFE63B8E1241E /* StorageMigration.swift */ = {isa = PBXFileReference; lastKnownFileType = sourcecode.swift; path = StorageMigration.swift; sourceTree = "<group>"; };
		8524FBC246119A40A780EE68 /* TrainingBatch.swift */ = {isa = PBXFileReference; lastKnownFileType = sourcecode.swift; path = TrainingBatch.swift; sourceTree = "<group>"; };
		89B7337BCED3E0F9B2A9917B /* SequenceDataset.swift */ = {isa = PBXFileReference; lastKnownFileType = sourcecode.swift; path = SequenceDataset.swift; sourceTree = "<group>"; };
		8C31DE9F561334A1F0187FEE /* RecordView.swift */ = {isa = PBXFileReference; lastKnownFileType = sourcecode.swift; path = RecordView.swift; sourceTree = "<group>"; };
		8DAEC9EFEC7B845C64571CC3 /* LibraryView.swift */ = {isa = PBXFileReference; lastKnownFileType = sourcecode.swift; path = LibraryView.swift; sourceTree = "<group>"; };
		91B7449DD1B6FD4661FB2162 /* TrainingPipelineTests.swift */ = {isa = PBXFileReference; lastKnownFileType = sourcecode.swift; path = TrainingPipelineTests.swift; sourceTree = "<group>"; };
		95B858742398E985960EEB17 /* RunCoordinator.swift */ = {isa = PBXFileReference; lastKnownFileType = sourcecode.swift; path = RunCoordinator.swift; sourceTree = "<group>"; };
		96099070FF47405614E73BB2 /* RunWorker.swift */ = {isa = PBXFileReference; lastKnownFileType = sourcecode.swift; path = RunWorker.swift; sourceTree = "<group>"; };
		9DE99920D53F57D2ED1F87DD /* RunTargetGuard.swift */ = {isa = PBXFileReference; lastKnownFileType = sourcecode.swift; path = RunTargetGuard.swift; sourceTree = "<group>"; };
		A01AB9EF8AD43B7A259BAA03 /* TrainView.swift */ = {isa = PBXFileReference; lastKnownFileType = sourcecode.swift; path = TrainView.swift; sourceTree = "<group>"; };
		A0C5DCBB06194D79011C9E03 /* ContentView.swift */ = {isa = PBXFileReference; lastKnownFileType = sourcecode.swift; path = ContentView.swift; sourceTree = "<group>"; };
		A679E5E04842EFEE78AF4E90 /* RecordingCoordinator.swift */ = {isa = PBXFileReference; lastKnownFileType = sourcecode.swift; path = RecordingCoordinator.swift; sourceTree = "<group>"; };
		A708AB66EE12CC0262F51830 /* PolicyNetworkTests.swift */ = {isa = PBXFileReference; lastKnownFileType = sourcecode.swift; path = PolicyNetworkTests.swift; sourceTree = "<group>"; };
		AB2F5C1225B88F3390ED8D70 /* CaptureCatalog.swift */ = {isa = PBXFileReference; lastKnownFileType = sourcecode.swift; path = CaptureCatalog.swift; sourceTree = "<group>"; };
		ADDAB79202F3A47354F4757E /* CheckpointStoreTests.swift */ = {isa = PBXFileReference; lastKnownFileType = sourcecode.swift; path = CheckpointStoreTests.swift; sourceTree = "<group>"; };
		B3ADF37137A4CE62C67236C7 /* AgentTrainerApp.swift */ = {isa = PBXFileReference; lastKnownFileType = sourcecode.swift; path = AgentTrainerApp.swift; sourceTree = "<group>"; };
		B8339315CF33749B8382AF97 /* PolicyRunner.swift */ = {isa = PBXFileReference; lastKnownFileType = sourcecode.swift; path = PolicyRunner.swift; sourceTree = "<group>"; };
		BCED686D0EB1F1975BE25183 /* RecordingInspector.swift */ = {isa = PBXFileReference; lastKnownFileType = sourcecode.swift; path = RecordingInspector.swift; sourceTree = "<group>"; };
		BD779EB54428C6073CEF6A8C /* ResumableAdamW.swift */ = {isa = PBXFileReference; lastKnownFileType = sourcecode.swift; path = ResumableAdamW.swift; sourceTree = "<group>"; };
		C23C6162CB3D6C46919A3209 /* AIModel.swift */ = {isa = PBXFileReference; lastKnownFileType = sourcecode.swift; path = AIModel.swift; sourceTree = "<group>"; };
		C3A716AF21BEB30CD34AC513 /* AppSession.swift */ = {isa = PBXFileReference; lastKnownFileType = sourcecode.swift; path = AppSession.swift; sourceTree = "<group>"; };
		C45D4713E153FBC31CCDF511 /* MLXRuntimeTests.swift */ = {isa = PBXFileReference; lastKnownFileType = sourcecode.swift; path = MLXRuntimeTests.swift; sourceTree = "<group>"; };
		C494FC96A38520311B030841 /* AppPreferences.swift */ = {isa = PBXFileReference; lastKnownFileType = sourcecode.swift; path = AppPreferences.swift; sourceTree = "<group>"; };
		CD7EEADC3D233A97531E916E /* SettingsView.swift */ = {isa = PBXFileReference; lastKnownFileType = sourcecode.swift; path = SettingsView.swift; sourceTree = "<group>"; };
		CFC93FD7757320B8559FE7A5 /* Components.swift */ = {isa = PBXFileReference; lastKnownFileType = sourcecode.swift; path = Components.swift; sourceTree = "<group>"; };
		E401343420C63811BD560D22 /* ObservationPreprocessor.swift */ = {isa = PBXFileReference; lastKnownFileType = sourcecode.swift; path = ObservationPreprocessor.swift; sourceTree = "<group>"; };
		F0CD7A550695255EAA9F30B5 /* AgentTrainer.app */ = {isa = PBXFileReference; explicitFileType = wrapper.application; includeInIndex = 0; path = AgentTrainer.app; sourceTree = BUILT_PRODUCTS_DIR; };
		F252E2ED729CBBAD86DC1FEC /* ControlGestureTests.swift */ = {isa = PBXFileReference; lastKnownFileType = sourcecode.swift; path = ControlGestureTests.swift; sourceTree = "<group>"; };
		F48FBAF0744344A8226BF986 /* ActionGrammarTests.swift */ = {isa = PBXFileReference; lastKnownFileType = sourcecode.swift; path = ActionGrammarTests.swift; sourceTree = "<group>"; };
		F766B7219B09F66808404E6C /* TrainingExample.swift */ = {isa = PBXFileReference; lastKnownFileType = sourcecode.swift; path = TrainingExample.swift; sourceTree = "<group>"; };
		F90474B20BE4E388BD1C5E2B /* TrainingCoordinator.swift */ = {isa = PBXFileReference; lastKnownFileType = sourcecode.swift; path = TrainingCoordinator.swift; sourceTree = "<group>"; };
		FB5F93A9988C45D6F3BF4AB5 /* PolicyNetwork.swift */ = {isa = PBXFileReference; lastKnownFileType = sourcecode.swift; path = PolicyNetwork.swift; sourceTree = "<group>"; };
		FD048CE370F2DA09D56280E2 /* TrainingExampleTests.swift */ = {isa = PBXFileReference; lastKnownFileType = sourcecode.swift; path = TrainingExampleTests.swift; sourceTree = "<group>"; };
		FFFEBCF37050F2D181CC72F0 /* AtomicFile.swift */ = {isa = PBXFileReference; lastKnownFileType = sourcecode.swift; path = AtomicFile.swift; sourceTree = "<group>"; };
/* End PBXFileReference section */

/* Begin PBXFrameworksBuildPhase section */
		6296968CE40A248B45208599 /* Frameworks */ = {
			isa = PBXFrameworksBuildPhase;
			buildActionMask = 2147483647;
			files = (
				CD6387003419801939CDC9E2 /* MLX in Frameworks */,
				9114EF7321A8426B6D5573D2 /* MLXNN in Frameworks */,
				5F0F23EE65E541C5D0252BA7 /* MLXOptimizers in Frameworks */,
				D825862B1D632BDC87B8E19B /* MLXRandom in Frameworks */,
			);
			runOnlyForDeploymentPostprocessing = 0;
		};
/* End PBXFrameworksBuildPhase section */

/* Begin PBXGroup section */
		0A0EC5A922B38DC147E868FC /* UITests */ = {
			isa = PBXGroup;
			children = (
				31BAAAF0DF84D7F06D915765 /* WorkspaceWorkflowTests.swift */,
			);
			path = UITests;
			sourceTree = "<group>";
		};
		1D981839581A40A308F10495 /* Views */ = {
			isa = PBXGroup;
			children = (
				CFC93FD7757320B8559FE7A5 /* Components.swift */,
				A0C5DCBB06194D79011C9E03 /* ContentView.swift */,
				8DAEC9EFEC7B845C64571CC3 /* LibraryView.swift */,
				435180A4847802B75634C6A5 /* ModelsView.swift */,
				BCED686D0EB1F1975BE25183 /* RecordingInspector.swift */,
				8C31DE9F561334A1F0187FEE /* RecordView.swift */,
				2339667A040869418AF5B5FB /* RunView.swift */,
				CD7EEADC3D233A97531E916E /* SettingsView.swift */,
				A01AB9EF8AD43B7A259BAA03 /* TrainView.swift */,
			);
			path = Views;
			sourceTree = "<group>";
		};
		3348C3E28108F8BAA4C4E4C1 /* Support */ = {
			isa = PBXGroup;
			children = (
			);
			path = Support;
			sourceTree = "<group>";
		};
		3889A3AF4B2EB682DDEFA21C /* Models */ = {
			isa = PBXGroup;
			children = (
				C23C6162CB3D6C46919A3209 /* AIModel.swift */,
				C494FC96A38520311B030841 /* AppPreferences.swift */,
				33BCEB9D8FF6A5023F85300B /* RecordingForm.swift */,
				6B1286099AA9FE5C53840B86 /* ShortcutBindings.swift */,
				41D6A95E9A59AA0C28CEB9F0 /* TrainingSettings.swift */,
			);
			path = Models;
			sourceTree = "<group>";
		};
		3CF1F0AE1F03A65DE3B8B112 = {
			isa = PBXGroup;
			children = (
				F6FC9DD641DEB1E7E4862BCB /* App */,
				8D8D8C6545AE0146F18C281E /* Core */,
				77B4EC407E48644EB2410BE4 /* Learning */,
				3889A3AF4B2EB682DDEFA21C /* Models */,
				C4F8F43D5903F1E554A15069 /* Services */,
				425FCD477E188357B1E9D67C /* Stores */,
				3348C3E28108F8BAA4C4E4C1 /* Support */,
				D3F9335C8A38FF289C5CF6E1 /* Tests */,
				0A0EC5A922B38DC147E868FC /* UITests */,
				1D981839581A40A308F10495 /* Views */,
				E11C1299E11AF765E9A1A8BA /* Products */,
			);
			sourceTree = "<group>";
		};
		425FCD477E188357B1E9D67C /* Stores */ = {
			isa = PBXGroup;
			children = (
				C3A716AF21BEB30CD34AC513 /* AppSession.swift */,
				95B858742398E985960EEB17 /* RunCoordinator.swift */,
				831C39BEE18EFE63B8E1241E /* StorageMigration.swift */,
				F90474B20BE4E388BD1C5E2B /* TrainingCoordinator.swift */,
				293058BDFB32061384E33A9D /* WorkspaceStore.swift */,
			);
			path = Stores;
			sourceTree = "<group>";
		};
		77B4EC407E48644EB2410BE4 /* Learning */ = {
			isa = PBXGroup;
			children = (
				E401343420C63811BD560D22 /* ObservationPreprocessor.swift */,
				FB5F93A9988C45D6F3BF4AB5 /* PolicyNetwork.swift */,
				B8339315CF33749B8382AF97 /* PolicyRunner.swift */,
				BD779EB54428C6073CEF6A8C /* ResumableAdamW.swift */,
				96099070FF47405614E73BB2 /* RunWorker.swift */,
				8524FBC246119A40A780EE68 /* TrainingBatch.swift */,
				0EED0CBF68F625497D0B8791 /* TrainingWorker.swift */,
			);
			path = Learning;
			sourceTree = "<group>";
		};
		8D8D8C6545AE0146F18C281E /* Core */ = {
			isa = PBXGroup;
			children = (
				0C0F5A57309AC52F6DEBD83F /* Action.swift */,
				FFFEBCF37050F2D181CC72F0 /* AtomicFile.swift */,
				698860EDB29B625FEF729A55 /* CausalAlignment.swift */,
				58BAAAFDD3996C820C0044CA /* CheckpointMaintenance.swift */,
				10A57EAFA60A0F9798AF8A65 /* CheckpointStore.swift */,
				10F030EB56F383365B43DFD3 /* ControlGestureTracker.swift */,
				2FD058DB8B41430EF8D93C55 /* DisplayLayoutConstraint.swift */,
				15B0AEB60BE01522B392D001 /* JSONLineCursor.swift */,
				4F81E47CC59C61F2208D0553 /* JSONLines.swift */,
				62173ABC831298B6B190CCC7 /* ModifierState.swift */,
				4206A3D69BD2CD5C5037709A /* PolicyActionCodec.swift */,
				1A1873D2484DE121339E874C /* Recording.swift */,
				60909A6B7D4515BE23622454 /* RecordingJournal.swift */,
				4AEFC66C13D7BD563A4E970D /* RecordingPreview.swift */,
				3A6FC651CCDF86FF6599455F /* RunConfiguration.swift */,
				89B7337BCED3E0F9B2A9917B /* SequenceDataset.swift */,
				2BD078648DA4A3CB73D5158A /* SessionClock.swift */,
				F766B7219B09F66808404E6C /* TrainingExample.swift */,
			);
			path = Core;
			sourceTree = "<group>";
		};
		C4F8F43D5903F1E554A15069 /* Services */ = {
			isa = PBXGroup;
			children = (
				05E6179263AF237EFCCA4A73 /* AgentInputExecutor.swift */,
				AB2F5C1225B88F3390ED8D70 /* CaptureCatalog.swift */,
				7DF20CD7A33E16F32D9A99FF /* CaptureFrameSource.swift */,
				0E37B3A64DC1B0226E382702 /* GlobalShortcuts.swift */,
				6D19C0F52DD0D08932E3758F /* InputCapture.swift */,
				1AFB1015A7DE917758429531 /* PermissionService.swift */,
				A679E5E04842EFEE78AF4E90 /* RecordingCoordinator.swift */,
				9DE99920D53F57D2ED1F87DD /* RunTargetGuard.swift */,
				2F3895C1425598A3E9CB3795 /* RunWatchdog.swift */,
				7EF21BAC4E6BE5D85335B860 /* VisualRecorder.swift */,
			);
			path = Services;
			sourceTree = "<group>";
		};
		D3F9335C8A38FF289C5CF6E1 /* Tests */ = {
			isa = PBXGroup;
			children = (
				F48FBAF0744344A8226BF986 /* ActionGrammarTests.swift */,
				06B284D43F3F1BE9852CF236 /* AgentInputExecutorTests.swift */,
				23D04CDB34954D1FDCD24C22 /* AppPreferencesTests.swift */,
				1D20DF7D5DC6A448C2AF4FC6 /* CaptureCatalogTests.swift */,
				2BE03CE9F16DB429C9F8D9E7 /* CausalAlignmentTests.swift */,
				ADDAB79202F3A47354F4757E /* CheckpointStoreTests.swift */,
				F252E2ED729CBBAD86DC1FEC /* ControlGestureTests.swift */,
				31887A98D404108A4833BA14 /* DisplayLayoutConstraintTests.swift */,
				C45D4713E153FBC31CCDF511 /* MLXRuntimeTests.swift */,
				708A3535C7C40BAEB3914780 /* ObservationPreprocessorTests.swift */,
				A708AB66EE12CC0262F51830 /* PolicyNetworkTests.swift */,
				09BE9AF281486ECEA700765E /* PolicyRunnerTests.swift */,
				08FB1F4C3BCAE0DCD2A2448C /* RecordingJournalTests.swift */,
				751C11E75F68B7E2B122FFE5 /* RecordingPreviewTests.swift */,
				73A539E214213E1172749278 /* RunTargetGuardTests.swift */,
				FD048CE370F2DA09D56280E2 /* TrainingExampleTests.swift */,
				91B7449DD1B6FD4661FB2162 /* TrainingPipelineTests.swift */,
			);
			path = Tests;
			sourceTree = "<group>";
		};
		E11C1299E11AF765E9A1A8BA /* Products */ = {
			isa = PBXGroup;
			children = (
				F0CD7A550695255EAA9F30B5 /* AgentTrainer.app */,
				827DC1991C9668920979AB01 /* AgentTrainerTests.xctest */,
				2F012C20CC1E2BFD7332617A /* AgentTrainerUITests.xctest */,
			);
			name = Products;
			sourceTree = "<group>";
		};
		F6FC9DD641DEB1E7E4862BCB /* App */ = {
			isa = PBXGroup;
			children = (
				B3ADF37137A4CE62C67236C7 /* AgentTrainerApp.swift */,
			);
			path = App;
			sourceTree = "<group>";
		};
/* End PBXGroup section */

/* Begin PBXNativeTarget section */
		42215D1F90886BD8A5513C31 /* AgentTrainerUITests */ = {
			isa = PBXNativeTarget;
			buildConfigurationList = BD252A3D2CB482726A0A90B3 /* Build configuration list for PBXNativeTarget "AgentTrainerUITests" */;
			buildPhases = (
				EF370075862CC1D1EC7F8D79 /* Sources */,
			);
			buildRules = (
			);
			dependencies = (
				8A9E7A9374D01D71C5CB6152 /* PBXTargetDependency */,
			);
			name = AgentTrainerUITests;
			packageProductDependencies = (
			);
			productName = AgentTrainerUITests;
			productReference = 2F012C20CC1E2BFD7332617A /* AgentTrainerUITests.xctest */;
			productType = "com.apple.product-type.bundle.ui-testing";
		};
		446AAFF929CE3358973826D4 /* AgentTrainerTests */ = {
			isa = PBXNativeTarget;
			buildConfigurationList = 0A9AB5AA0B5B49799AFDCFE2 /* Build configuration list for PBXNativeTarget "AgentTrainerTests" */;
			buildPhases = (
				357158B5352D3030FB6F8559 /* Sources */,
			);
			buildRules = (
			);
			dependencies = (
				085DB151FC0190E710356615 /* PBXTargetDependency */,
			);
			name = AgentTrainerTests;
			packageProductDependencies = (
			);
			productName = AgentTrainerTests;
			productReference = 827DC1991C9668920979AB01 /* AgentTrainerTests.xctest */;
			productType = "com.apple.product-type.bundle.unit-test";
		};
		5F1EEEA584A8B28833885D06 /* AgentTrainer */ = {
			isa = PBXNativeTarget;
			buildConfigurationList = 2A0ABC2AA0125FC220471D94 /* Build configuration list for PBXNativeTarget "AgentTrainer" */;
			buildPhases = (
				0EC3BA61321455143F4B65F0 /* Sources */,
				6296968CE40A248B45208599 /* Frameworks */,
			);
			buildRules = (
			);
			dependencies = (
			);
			name = AgentTrainer;
			packageProductDependencies = (
				9DAD19FCC7E0E177D3B6B368 /* MLX */,
				4CE97EBAB22F5BD1BA5E87B1 /* MLXNN */,
				EE71FB7C22B54F9721B3D1D5 /* MLXOptimizers */,
				5FF8F02C3BE2ADA016499A8F /* MLXRandom */,
			);
			productName = AgentTrainer;
			productReference = F0CD7A550695255EAA9F30B5 /* AgentTrainer.app */;
			productType = "com.apple.product-type.application";
		};
/* End PBXNativeTarget section */

/* Begin PBXProject section */
		440AD14998556E20CCA3D49B /* Project object */ = {
			isa = PBXProject;
			attributes = {
				BuildIndependentTargetsInParallel = YES;
				LastUpgradeCheck = 1430;
				TargetAttributes = {
					42215D1F90886BD8A5513C31 = {
						DevelopmentTeam = V5S6J7KC33;
						ProvisioningStyle = Manual;
						TestTargetID = 5F1EEEA584A8B28833885D06;
					};
					446AAFF929CE3358973826D4 = {
						DevelopmentTeam = V5S6J7KC33;
						ProvisioningStyle = Manual;
					};
					5F1EEEA584A8B28833885D06 = {
						DevelopmentTeam = V5S6J7KC33;
						ProvisioningStyle = Manual;
					};
				};
			};
			buildConfigurationList = 70AF518A1C6D09128A8A10D8 /* Build configuration list for PBXProject "AgentTrainer" */;
			developmentRegion = en;
			hasScannedForEncodings = 0;
			knownRegions = (
				Base,
				en,
			);
			mainGroup = 3CF1F0AE1F03A65DE3B8B112;
			minimizedProjectReferenceProxies = 1;
			packageReferences = (
				D07BED0433D1ACA23140EEDC /* XCRemoteSwiftPackageReference "mlx-swift" */,
			);
			preferredProjectObjectVersion = 77;
			productRefGroup = E11C1299E11AF765E9A1A8BA /* Products */;
			projectDirPath = "";
			projectRoot = "";
			targets = (
				5F1EEEA584A8B28833885D06 /* AgentTrainer */,
				446AAFF929CE3358973826D4 /* AgentTrainerTests */,
				42215D1F90886BD8A5513C31 /* AgentTrainerUITests */,
			);
		};
/* End PBXProject section */

/* Begin PBXSourcesBuildPhase section */
		0EC3BA61321455143F4B65F0 /* Sources */ = {
			isa = PBXSourcesBuildPhase;
			buildActionMask = 2147483647;
			files = (
				82DC2DBDA49B8C06B4F75F5F /* AIModel.swift in Sources */,
				7EF68FEDC86B2515B7470BB1 /* Action.swift in Sources */,
				80D19D37200C16D869F810EC /* AgentInputExecutor.swift in Sources */,
				B574C2800D2959793C8EBC80 /* AgentTrainerApp.swift in Sources */,
				4A123952D1633367C9426862 /* AppPreferences.swift in Sources */,
				1147DA7106BC5128B52D994D /* AppSession.swift in Sources */,
				A796BF2599A92064736D25CE /* AtomicFile.swift in Sources */,
				2659658D05AC4942BA6DAC91 /* CaptureCatalog.swift in Sources */,
				D945F102E34D445881E10056 /* CaptureFrameSource.swift in Sources */,
				BD4BC4840DA04985F0781197 /* CausalAlignment.swift in Sources */,
				5852E6741D3BADF80A9D9653 /* CheckpointMaintenance.swift in Sources */,
				B428F62D8EE7D0552E875DD8 /* CheckpointStore.swift in Sources */,
				6A0513436F41A4D2140006EB /* Components.swift in Sources */,
				AF58D12CA207349104852234 /* ContentView.swift in Sources */,
				7D9ED1ECB121272E66EACA27 /* ControlGestureTracker.swift in Sources */,
				CAE5ACD4596F8709C5B2A159 /* DisplayLayoutConstraint.swift in Sources */,
				45676EF124B26281768F7D11 /* GlobalShortcuts.swift in Sources */,
				5287AD61494A5FBE1AFA572A /* InputCapture.swift in Sources */,
				91D70174E5DE86B9795AC0C3 /* JSONLineCursor.swift in Sources */,
				D1BEFFB9C6DE9435F2F29D76 /* JSONLines.swift in Sources */,
				6C239340AC19ABD15E96BEC7 /* LibraryView.swift in Sources */,
				BC4345862F956CD98C538CFF /* ModelsView.swift in Sources */,
				8A6E86AA12D84DF9717BB12C /* ModifierState.swift in Sources */,
				78ECA69EB19FAFAA28B2C155 /* ObservationPreprocessor.swift in Sources */,
				33585CAF0767E085616AF3D8 /* PermissionService.swift in Sources */,
				E227690B3063DBB7DDF288EA /* PolicyActionCodec.swift in Sources */,
				DB97AC6F43772F9671520197 /* PolicyNetwork.swift in Sources */,
				C96B525C3A820811F42D0518 /* PolicyRunner.swift in Sources */,
				4A69DC15DE649F4BAA493784 /* RecordView.swift in Sources */,
				1D3D1309AE8F0EA1D387095A /* Recording.swift in Sources */,
				780B660A987EA04740BCD001 /* RecordingCoordinator.swift in Sources */,
				2D7AFDDA605257AF7A3DD2EE /* RecordingForm.swift in Sources */,
				9A26CC507CBDD6B7D5C4FF64 /* RecordingInspector.swift in Sources */,
				5A07A54E48EFED880EF761D9 /* RecordingJournal.swift in Sources */,
				CE2D2368A1B74DA2A80D3336 /* RecordingPreview.swift in Sources */,
				54773ED8DA91427A3712F9A6 /* ResumableAdamW.swift in Sources */,
				36F7F4B0551EA8B329C73075 /* RunConfiguration.swift in Sources */,
				A863893692622B3103616ED4 /* RunCoordinator.swift in Sources */,
				B1EDFA7CF7E89870F40F0B2F /* RunTargetGuard.swift in Sources */,
				4431A81B7D6C8AA423A65FFF /* RunView.swift in Sources */,
				76F67BA3CD7A3CC3FC1DCF59 /* RunWatchdog.swift in Sources */,
				E4B5246E4B95DEA4358CE1F7 /* RunWorker.swift in Sources */,
				8F3493FC958AEF00F1B2C681 /* SequenceDataset.swift in Sources */,
				ACF3A99AED20952690F7078D /* SessionClock.swift in Sources */,
				FC33FF574541D12FF399B0AB /* SettingsView.swift in Sources */,
				1C7C419483FC3D5A3D181919 /* ShortcutBindings.swift in Sources */,
				676FB1F397B1493E70562CBF /* StorageMigration.swift in Sources */,
				08CA907D86D85F9A3581F63B /* TrainView.swift in Sources */,
				F42A7762B061CFC1354A1B40 /* TrainingBatch.swift in Sources */,
				8C1E54ED7DC9B2ADEB036063 /* TrainingCoordinator.swift in Sources */,
				D48A5A680DEE23F337804951 /* TrainingExample.swift in Sources */,
				728A0EAD7A8B89D60F9FB8D2 /* TrainingSettings.swift in Sources */,
				3082B73FD04B4C062DA78F14 /* TrainingWorker.swift in Sources */,
				DE13ED5FFBEFD76537C4784D /* VisualRecorder.swift in Sources */,
				01F01499D619504D9B0B760E /* WorkspaceStore.swift in Sources */,
			);
			runOnlyForDeploymentPostprocessing = 0;
		};
		357158B5352D3030FB6F8559 /* Sources */ = {
			isa = PBXSourcesBuildPhase;
			buildActionMask = 2147483647;
			files = (
				5F963CB5DA6B146D83EC51B2 /* ActionGrammarTests.swift in Sources */,
				66DD98E7CE404541DCBFEE81 /* AgentInputExecutorTests.swift in Sources */,
				36F0CB9D5A02D222411A573B /* AppPreferencesTests.swift in Sources */,
				F1D54D337222F60090D0BB70 /* CaptureCatalogTests.swift in Sources */,
				D0CA0FC488589AC0DD593F33 /* CausalAlignmentTests.swift in Sources */,
				89A5D09379AF352B730E4784 /* CheckpointStoreTests.swift in Sources */,
				2EADD34B7DC0380CFC5C30E6 /* ControlGestureTests.swift in Sources */,
				A8953C6A1DD2B9440C20D1B9 /* DisplayLayoutConstraintTests.swift in Sources */,
				2AC9F340DE4073CCD1EAD7E6 /* MLXRuntimeTests.swift in Sources */,
				6CBC008F9CB504E57A61182E /* ObservationPreprocessorTests.swift in Sources */,
				8089C3E99F27486329A29C5A /* PolicyNetworkTests.swift in Sources */,
				1CA4D572A1F10935EAD0F15E /* PolicyRunnerTests.swift in Sources */,
				E2F2DC25E3DA1244D53220EA /* RecordingJournalTests.swift in Sources */,
				52CE346DB63ECCA2B402CB86 /* RecordingPreviewTests.swift in Sources */,
				6D7F6FB4E6A54A1FD6480145 /* RunTargetGuardTests.swift in Sources */,
				5BF37EA108442F91F1600EAE /* TrainingExampleTests.swift in Sources */,
				CEC2712B8BFF0A1217263718 /* TrainingPipelineTests.swift in Sources */,
			);
			runOnlyForDeploymentPostprocessing = 0;
		};
		EF370075862CC1D1EC7F8D79 /* Sources */ = {
			isa = PBXSourcesBuildPhase;
			buildActionMask = 2147483647;
			files = (
				CC70745D7F858A5C8B1B5BAB /* WorkspaceWorkflowTests.swift in Sources */,
			);
			runOnlyForDeploymentPostprocessing = 0;
		};
/* End PBXSourcesBuildPhase section */

/* Begin PBXTargetDependency section */
		085DB151FC0190E710356615 /* PBXTargetDependency */ = {
			isa = PBXTargetDependency;
			target = 5F1EEEA584A8B28833885D06 /* AgentTrainer */;
			targetProxy = 0DF5070ACBB089108E79C398 /* PBXContainerItemProxy */;
		};
		8A9E7A9374D01D71C5CB6152 /* PBXTargetDependency */ = {
			isa = PBXTargetDependency;
			target = 5F1EEEA584A8B28833885D06 /* AgentTrainer */;
			targetProxy = EF827929589C1E905B04D38F /* PBXContainerItemProxy */;
		};
/* End PBXTargetDependency section */

/* Begin XCBuildConfiguration section */
		0B51FB963435F09D63BE249C /* Debug */ = {
			isa = XCBuildConfiguration;
			buildSettings = {
				BUNDLE_LOADER = "$(TEST_HOST)";
				COMBINE_HIDPI_IMAGES = YES;
				GENERATE_INFOPLIST_FILE = YES;
				LD_RUNPATH_SEARCH_PATHS = (
					"$(inherited)",
					"@executable_path/Frameworks",
					"@loader_path/Frameworks",
				);
				PRODUCT_BUNDLE_IDENTIFIER = com.agenttrainer.AgentTrainerUITests;
				SDKROOT = macosx;
				TEST_TARGET_NAME = AgentTrainer;
			};
			name = Debug;
		};
		59DD0A0026F54C5F4EA08341 /* Release */ = {
			isa = XCBuildConfiguration;
			buildSettings = {
				ALWAYS_SEARCH_USER_PATHS = NO;
				CLANG_ANALYZER_NONNULL = YES;
				CLANG_ANALYZER_NUMBER_OBJECT_CONVERSION = YES_AGGRESSIVE;
				CLANG_CXX_LANGUAGE_STANDARD = "gnu++14";
				CLANG_CXX_LIBRARY = "libc++";
				CLANG_ENABLE_MODULES = YES;
				CLANG_ENABLE_OBJC_ARC = YES;
				CLANG_ENABLE_OBJC_WEAK = YES;
				CLANG_WARN_BLOCK_CAPTURE_AUTORELEASING = YES;
				CLANG_WARN_BOOL_CONVERSION = YES;
				CLANG_WARN_COMMA = YES;
				CLANG_WARN_CONSTANT_CONVERSION = YES;
				CLANG_WARN_DEPRECATED_OBJC_IMPLEMENTATIONS = YES;
				CLANG_WARN_DIRECT_OBJC_ISA_USAGE = YES_ERROR;
				CLANG_WARN_DOCUMENTATION_COMMENTS = YES;
				CLANG_WARN_EMPTY_BODY = YES;
				CLANG_WARN_ENUM_CONVERSION = YES;
				CLANG_WARN_INFINITE_RECURSION = YES;
				CLANG_WARN_INT_CONVERSION = YES;
				CLANG_WARN_NON_LITERAL_NULL_CONVERSION = YES;
				CLANG_WARN_OBJC_IMPLICIT_RETAIN_SELF = YES;
				CLANG_WARN_OBJC_LITERAL_CONVERSION = YES;
				CLANG_WARN_OBJC_ROOT_CLASS = YES_ERROR;
				CLANG_WARN_QUOTED_INCLUDE_IN_FRAMEWORK_HEADER = YES;
				CLANG_WARN_RANGE_LOOP_ANALYSIS = YES;
				CLANG_WARN_STRICT_PROTOTYPES = YES;
				CLANG_WARN_SUSPICIOUS_MOVE = YES;
				CLANG_WARN_UNGUARDED_AVAILABILITY = YES_AGGRESSIVE;
				CLANG_WARN_UNREACHABLE_CODE = YES;
				CLANG_WARN__DUPLICATE_METHOD_MATCH = YES;
				CODE_SIGN_IDENTITY = 1E3F98C6916444AFAAD362575B0DA874E73D992E;
				CODE_SIGN_STYLE = Manual;
				COPY_PHASE_STRIP = NO;
				DEBUG_INFORMATION_FORMAT = "dwarf-with-dsym";
				DEVELOPMENT_TEAM = V5S6J7KC33;
				ENABLE_HARDENED_RUNTIME = YES;
				ENABLE_NS_ASSERTIONS = NO;
				ENABLE_STRICT_OBJC_MSGSEND = YES;
				GCC_C_LANGUAGE_STANDARD = gnu11;
				GCC_NO_COMMON_BLOCKS = YES;
				GCC_WARN_64_TO_32_BIT_CONVERSION = YES;
				GCC_WARN_ABOUT_RETURN_TYPE = YES_ERROR;
				GCC_WARN_UNDECLARED_SELECTOR = YES;
				GCC_WARN_UNINITIALIZED_AUTOS = YES_AGGRESSIVE;
				GCC_WARN_UNUSED_FUNCTION = YES;
				GCC_WARN_UNUSED_VARIABLE = YES;
				MACOSX_DEPLOYMENT_TARGET = 15.0;
				MTL_ENABLE_DEBUG_INFO = NO;
				MTL_FAST_MATH = YES;
				PRODUCT_NAME = "$(TARGET_NAME)";
				SDKROOT = macosx;
				SWIFT_COMPILATION_MODE = wholemodule;
				SWIFT_OPTIMIZATION_LEVEL = "-O";
				SWIFT_STRICT_CONCURRENCY = complete;
				SWIFT_VERSION = 6.0;
			};
			name = Release;
		};
		73EA9EFE8C38CEBAE27A7DB8 /* Release */ = {
			isa = XCBuildConfiguration;
			buildSettings = {
				ASSETCATALOG_COMPILER_APPICON_NAME = AppIcon;
				COMBINE_HIDPI_IMAGES = YES;
				ENABLE_APP_SANDBOX = NO;
				INFOPLIST_FILE = Resources/Info.plist;
				LD_RUNPATH_SEARCH_PATHS = (
					"$(inherited)",
					"@executable_path/../Frameworks",
				);
				PRODUCT_BUNDLE_IDENTIFIER = com.agenttrainer.AgentTrainer;
				SDKROOT = macosx;
				SWIFT_EMIT_LOC_STRINGS = YES;
			};
			name = Release;
		};
		7682BBD728010AF59A9525B9 /* Debug */ = {
			isa = XCBuildConfiguration;
			buildSettings = {
				ALWAYS_SEARCH_USER_PATHS = NO;
				CLANG_ANALYZER_NONNULL = YES;
				CLANG_ANALYZER_NUMBER_OBJECT_CONVERSION = YES_AGGRESSIVE;
				CLANG_CXX_LANGUAGE_STANDARD = "gnu++14";
				CLANG_CXX_LIBRARY = "libc++";
				CLANG_ENABLE_MODULES = YES;
				CLANG_ENABLE_OBJC_ARC = YES;
				CLANG_ENABLE_OBJC_WEAK = YES;
				CLANG_WARN_BLOCK_CAPTURE_AUTORELEASING = YES;
				CLANG_WARN_BOOL_CONVERSION = YES;
				CLANG_WARN_COMMA = YES;
				CLANG_WARN_CONSTANT_CONVERSION = YES;
				CLANG_WARN_DEPRECATED_OBJC_IMPLEMENTATIONS = YES;
				CLANG_WARN_DIRECT_OBJC_ISA_USAGE = YES_ERROR;
				CLANG_WARN_DOCUMENTATION_COMMENTS = YES;
				CLANG_WARN_EMPTY_BODY = YES;
				CLANG_WARN_ENUM_CONVERSION = YES;
				CLANG_WARN_INFINITE_RECURSION = YES;
				CLANG_WARN_INT_CONVERSION = YES;
				CLANG_WARN_NON_LITERAL_NULL_CONVERSION = YES;
				CLANG_WARN_OBJC_IMPLICIT_RETAIN_SELF = YES;
				CLANG_WARN_OBJC_LITERAL_CONVERSION = YES;
				CLANG_WARN_OBJC_ROOT_CLASS = YES_ERROR;
				CLANG_WARN_QUOTED_INCLUDE_IN_FRAMEWORK_HEADER = YES;
				CLANG_WARN_RANGE_LOOP_ANALYSIS = YES;
				CLANG_WARN_STRICT_PROTOTYPES = YES;
				CLANG_WARN_SUSPICIOUS_MOVE = YES;
				CLANG_WARN_UNGUARDED_AVAILABILITY = YES_AGGRESSIVE;
				CLANG_WARN_UNREACHABLE_CODE = YES;
				CLANG_WARN__DUPLICATE_METHOD_MATCH = YES;
				CODE_SIGN_IDENTITY = 1E3F98C6916444AFAAD362575B0DA874E73D992E;
				CODE_SIGN_STYLE = Manual;
				COPY_PHASE_STRIP = NO;
				DEBUG_INFORMATION_FORMAT = dwarf;
				DEVELOPMENT_TEAM = V5S6J7KC33;
				ENABLE_HARDENED_RUNTIME = YES;
				ENABLE_STRICT_OBJC_MSGSEND = YES;
				ENABLE_TESTABILITY = YES;
				GCC_C_LANGUAGE_STANDARD = gnu11;
				GCC_DYNAMIC_NO_PIC = NO;
				GCC_NO_COMMON_BLOCKS = YES;
				GCC_OPTIMIZATION_LEVEL = 0;
				GCC_PREPROCESSOR_DEFINITIONS = (
					"$(inherited)",
					"DEBUG=1",
				);
				GCC_WARN_64_TO_32_BIT_CONVERSION = YES;
				GCC_WARN_ABOUT_RETURN_TYPE = YES_ERROR;
				GCC_WARN_UNDECLARED_SELECTOR = YES;
				GCC_WARN_UNINITIALIZED_AUTOS = YES_AGGRESSIVE;
				GCC_WARN_UNUSED_FUNCTION = YES;
				GCC_WARN_UNUSED_VARIABLE = YES;
				MACOSX_DEPLOYMENT_TARGET = 15.0;
				MTL_ENABLE_DEBUG_INFO = INCLUDE_SOURCE;
				MTL_FAST_MATH = YES;
				ONLY_ACTIVE_ARCH = YES;
				PRODUCT_NAME = "$(TARGET_NAME)";
				SDKROOT = macosx;
				SWIFT_ACTIVE_COMPILATION_CONDITIONS = DEBUG;
				SWIFT_OPTIMIZATION_LEVEL = "-Onone";
				SWIFT_STRICT_CONCURRENCY = complete;
				SWIFT_VERSION = 6.0;
			};
			name = Debug;
		};
		CCB2BA217779D49E8E35A097 /* Debug */ = {
			isa = XCBuildConfiguration;
			buildSettings = {
				ASSETCATALOG_COMPILER_APPICON_NAME = AppIcon;
				COMBINE_HIDPI_IMAGES = YES;
				ENABLE_APP_SANDBOX = NO;
				INFOPLIST_FILE = Resources/Info.plist;
				LD_RUNPATH_SEARCH_PATHS = (
					"$(inherited)",
					"@executable_path/../Frameworks",
				);
				PRODUCT_BUNDLE_IDENTIFIER = com.agenttrainer.AgentTrainer;
				SDKROOT = macosx;
				SWIFT_EMIT_LOC_STRINGS = YES;
			};
			name = Debug;
		};
		E6B51235897B7543D0E7CE25 /* Release */ = {
			isa = XCBuildConfiguration;
			buildSettings = {
				BUNDLE_LOADER = "$(TEST_HOST)";
				COMBINE_HIDPI_IMAGES = YES;
				GENERATE_INFOPLIST_FILE = YES;
				LD_RUNPATH_SEARCH_PATHS = (
					"$(inherited)",
					"@executable_path/Frameworks",
					"@loader_path/Frameworks",
				);
				PRODUCT_BUNDLE_IDENTIFIER = com.agenttrainer.AgentTrainerUITests;
				SDKROOT = macosx;
				TEST_TARGET_NAME = AgentTrainer;
			};
			name = Release;
		};
		F42489BDAC7D959F5879165A /* Debug */ = {
			isa = XCBuildConfiguration;
			buildSettings = {
				BUNDLE_LOADER = "$(TEST_HOST)";
				COMBINE_HIDPI_IMAGES = YES;
				GENERATE_INFOPLIST_FILE = YES;
				LD_RUNPATH_SEARCH_PATHS = (
					"$(inherited)",
					"@executable_path/../Frameworks",
					"@loader_path/../Frameworks",
				);
				PRODUCT_BUNDLE_IDENTIFIER = com.agenttrainer.AgentTrainerTests;
				SDKROOT = macosx;
				TEST_HOST = "$(BUILT_PRODUCTS_DIR)/AgentTrainer.app/Contents/MacOS/AgentTrainer";
			};
			name = Debug;
		};
		FDE354DEBD32818F9F5B9EF9 /* Release */ = {
			isa = XCBuildConfiguration;
			buildSettings = {
				BUNDLE_LOADER = "$(TEST_HOST)";
				COMBINE_HIDPI_IMAGES = YES;
				GENERATE_INFOPLIST_FILE = YES;
				LD_RUNPATH_SEARCH_PATHS = (
					"$(inherited)",
					"@executable_path/../Frameworks",
					"@loader_path/../Frameworks",
				);
				PRODUCT_BUNDLE_IDENTIFIER = com.agenttrainer.AgentTrainerTests;
				SDKROOT = macosx;
				TEST_HOST = "$(BUILT_PRODUCTS_DIR)/AgentTrainer.app/Contents/MacOS/AgentTrainer";
			};
			name = Release;
		};
/* End XCBuildConfiguration section */

/* Begin XCConfigurationList section */
		0A9AB5AA0B5B49799AFDCFE2 /* Build configuration list for PBXNativeTarget "AgentTrainerTests" */ = {
			isa = XCConfigurationList;
			buildConfigurations = (
				F42489BDAC7D959F5879165A /* Debug */,
				FDE354DEBD32818F9F5B9EF9 /* Release */,
			);
			defaultConfigurationIsVisible = 0;
			defaultConfigurationName = Debug;
		};
		2A0ABC2AA0125FC220471D94 /* Build configuration list for PBXNativeTarget "AgentTrainer" */ = {
			isa = XCConfigurationList;
			buildConfigurations = (
				CCB2BA217779D49E8E35A097 /* Debug */,
				73EA9EFE8C38CEBAE27A7DB8 /* Release */,
			);
			defaultConfigurationIsVisible = 0;
			defaultConfigurationName = Debug;
		};
		70AF518A1C6D09128A8A10D8 /* Build configuration list for PBXProject "AgentTrainer" */ = {
			isa = XCConfigurationList;
			buildConfigurations = (
				7682BBD728010AF59A9525B9 /* Debug */,
				59DD0A0026F54C5F4EA08341 /* Release */,
			);
			defaultConfigurationIsVisible = 0;
			defaultConfigurationName = Debug;
		};
		BD252A3D2CB482726A0A90B3 /* Build configuration list for PBXNativeTarget "AgentTrainerUITests" */ = {
			isa = XCConfigurationList;
			buildConfigurations = (
				0B51FB963435F09D63BE249C /* Debug */,
				E6B51235897B7543D0E7CE25 /* Release */,
			);
			defaultConfigurationIsVisible = 0;
			defaultConfigurationName = Debug;
		};
/* End XCConfigurationList section */

/* Begin XCRemoteSwiftPackageReference section */
		D07BED0433D1ACA23140EEDC /* XCRemoteSwiftPackageReference "mlx-swift" */ = {
			isa = XCRemoteSwiftPackageReference;
			repositoryURL = "https://github.com/ml-explore/mlx-swift.git";
			requirement = {
				kind = exactVersion;
				version = 0.32.3;
			};
		};
/* End XCRemoteSwiftPackageReference section */

/* Begin XCSwiftPackageProductDependency section */
		4CE97EBAB22F5BD1BA5E87B1 /* MLXNN */ = {
			isa = XCSwiftPackageProductDependency;
			package = D07BED0433D1ACA23140EEDC /* XCRemoteSwiftPackageReference "mlx-swift" */;
			productName = MLXNN;
		};
		5FF8F02C3BE2ADA016499A8F /* MLXRandom */ = {
			isa = XCSwiftPackageProductDependency;
			package = D07BED0433D1ACA23140EEDC /* XCRemoteSwiftPackageReference "mlx-swift" */;
			productName = MLXRandom;
		};
		9DAD19FCC7E0E177D3B6B368 /* MLX */ = {
			isa = XCSwiftPackageProductDependency;
			package = D07BED0433D1ACA23140EEDC /* XCRemoteSwiftPackageReference "mlx-swift" */;
			productName = MLX;
		};
		EE71FB7C22B54F9721B3D1D5 /* MLXOptimizers */ = {
			isa = XCSwiftPackageProductDependency;
			package = D07BED0433D1ACA23140EEDC /* XCRemoteSwiftPackageReference "mlx-swift" */;
			productName = MLXOptimizers;
		};
/* End XCSwiftPackageProductDependency section */
	};
	rootObject = 440AD14998556E20CCA3D49B /* Project object */;
}
